
Microsoft Visual Studio Solution File, Format Version 12.00
# Visual Studio 15
VisualStudioVersion = 15.0.28010.2036
MinimumVisualStudioVersion = 10.0.40219.1
Project("{9A19103F-16F7-4668-BE54-9A1E7A4F7556}") = "SomeCompany.Application", "SomeCompany.Application\SomeCompany.Application.csproj", "{7CAF77AF-5032-4BF2-BCDF-0D2DD819269E}"
EndProject
Project("{9A19103F-16F7-4668-BE54-9A1E7A4F7556}") = "SomeCompany.Database", "SomeCompany.Database\SomeCompany.Database.csproj", "{C525808E-2F3E-434D-9CFC-F273108516FA}"
EndProject
Project("{9A19103F-16F7-4668-BE54-9A1E7A4F7556}") = "SomeCompany.WebApi", "SomeCompany.WebApi\SomeCompany.WebApi.csproj", "{4A2526CF-60F7-48A5-B269-1AA54F2B875A}"
EndProject
Project("{9A19103F-16F7-4668-BE54-9A1E7A4F7556}") = "SomeCompany.Domain", "SomeCompany.Domain\SomeCompany.Domain.csproj", "{ED8E474A-BC90-4FE0-A0A5-29DBA5622905}"
EndProject
Global
	GlobalSection(SolutionConfigurationPlatforms) = preSolution
		Debug|Any CPU = Debug|Any CPU
		Release|Any CPU = Release|Any CPU
	EndGlobalSection
	GlobalSection(ProjectConfigurationPlatforms) = postSolution
		{7CAF77AF-5032-4BF2-BCDF-0D2DD819269E}.Debug|Any CPU.ActiveCfg = Debug|Any CPU
		{7CAF77AF-5032-4BF2-BCDF-0D2DD819269E}.Debug|Any CPU.Build.0 = Debug|Any CPU
		{7CAF77AF-5032-4BF2-BCDF-0D2DD819269E}.Release|Any CPU.ActiveCfg = Release|Any CPU
		{7CAF77AF-5032-4BF2-BCDF-0D2DD819269E}.Release|Any CPU.Build.0 = Release|Any CPU
		{C525808E-2F3E-434D-9CFC-F273108516FA}.Debug|Any CPU.ActiveCfg = Debug|Any CPU
		{C525808E-2F3E-434D-9CFC-F273108516FA}.Debug|Any CPU.Build.0 = Debug|Any CPU
		{C525808E-2F3E-434D-9CFC-F273108516FA}.Release|Any CPU.ActiveCfg = Release|Any CPU
		{C525808E-2F3E-434D-9CFC-F273108516FA}.Release|Any CPU.Build.0 = Release|Any CPU
		{4A2526CF-60F7-48A5-B269-1AA54F2B875A}.Debug|Any CPU.ActiveCfg = Debug|Any CPU
		{4A2526CF-60F7-48A5-B269-1AA54F2B875A}.Debug|Any CPU.Build.0 = Debug|Any CPU
		{4A2526CF-60F7-48A5-B269-1AA54F2B875A}.Release|Any CPU.ActiveCfg = Release|Any CPU
		{4A2526CF-60F7-48A5-B269-1AA54F2B875A}.Release|Any CPU.Build.0 = Release|Any CPU
		{ED8E474A-BC90-4FE0-A0A5-29DBA5622905}.Debug|Any CPU.ActiveCfg = Debug|Any CPU
		{ED8E474A-BC90-4FE0-A0A5-29DBA5622905}.Debug|Any CPU.Build.0 = Debug|Any CPU
		{ED8E474A-BC90-4FE0-A0A5-29DBA5622905}.Release|Any CPU.ActiveCfg = Release|Any CPU
		{ED8E474A-BC90-4FE0-A0A5-29DBA5622905}.Release|Any CPU.Build.0 = Release|Any CPU
	EndGlobalSection
	GlobalSection(SolutionProperties) = preSolution
		HideSolutionNode = FALSE
	EndGlobalSection
	GlobalSection(ExtensibilityGlobals) = postSolution
		SolutionGuid = {82D9C561-E380-4F5E-8607-C66801CA0671}
	EndGlobalSection
EndGlobal
